arviz==1.3.0
arviz-base==1.3.1
arviz-plots==1.3.2
arviz-stats==1.3.3
cuda-bindings==12.9.7
cuda-pathfinder==1.6.0
cuda-toolkit==12.8.1
filelock==3.32.3
fsspec==2026.7.0
jax==0.11.2
jaxlib==0.11.2
Jinja2==3.1.6
lazy-loader==0.6
llvmlite==0.50.0
MarkupSafe==3.0.3
ml_dtypes==0.6.0
mpmath==1.3.0
multipledispatch==1.0.0
networkx==3.6.1
numba==0.68.0
numpy==2.5.3
numpyro==0.22.0
nvidia-cublas-cu12==12.8.4.1
nvidia-cuda-cupti-cu12==12.8.90
nvidia-cuda-nvrtc-cu12==12.8.93
nvidia-cuda-runtime-cu12==12.8.90
nvidia-cudnn-cu12==9.19.0.56
nvidia-cufft-cu12==11.3.3.83
nvidia-cufile-cu12==1.13.1.3
nvidia-curand-cu12==10.3.9.90
nvidia-cusolver-cu12==11.7.3.90
nvidia-cusparse-cu12==12.5.8.93
nvidia-cusparselt-cu12==0.7.1
nvidia-nccl-cu12==2.28.9
nvidia-nvjitlink-cu12==12.8.93
nvidia-nvshmem-cu12==3.4.5
nvidia-nvtx-cu12==12.8.90
opt_einsum==3.4.0
packaging==26.3
pandas==3.0.6
python-dateutil==2.9.0.post0
scipy==1.18.1
setuptools==78.1.0
six==1.17.0
sympy==1.14.0
torch==2.11.0+cu128
tqdm==4.70.1
triton==3.6.0
typing_extensions==4.16.0
xarray==2026.9.0
xarray-einstats==0.11.0
